// !$*UTF8*$!
{
	archiveVersion = 1;
	classes = {
	};
	objectVersion = 48;
	objects = {

/* Begin PBXBuildFile section */
		05594BDFBD4B3E4123F1F9B6 /* Pods_pitScouting.framework in Frameworks */ = {isa = PBXBuildFile; fileRef = 9B3E660A24BCF680D225B487 /* Pods_pitScouting.framework */; };
		095A16812061B075005C925E /* State.swift in Sources */ = {isa = PBXBuildFile; fileRef = 095A16802061B075005C925E /* State.swift */; };
		09B48C1D20618D6100F30D2D /* AppDelegate.swift in Sources */ = {isa = PBXBuildFile; fileRef = 09B48C1C20618D6100F30D2D /* AppDelegate.swift */; };
		09B48C1F20618D6100F30D2D /* ViewController.swift in Sources */ = {isa = PBXBuildFile; fileRef = 09B48C1E20618D6100F30D2D /* ViewController.swift */; };
		09B48C2220618D6100F30D2D /* Main.storyboard in Resources */ = {isa = PBXBuildFile; fileRef = 09B48C2020618D6100F30D2D /* Main.storyboard */; };
		09B48C2420618D6100F30D2D /* Assets.xcassets in Resources */ = {isa = PBXBuildFile; fileRef = 09B48C2320618D6100F30D2D /* Assets.xcassets */; };
		09B48C3220618D6100F30D2D /* pitScoutingTests.swift in Sources */ = {isa = PBXBuildFile; fileRef = 09B48C3120618D6100F30D2D /* pitScoutingTests.swift */; };
		09B48C3D20618D6100F30D2D /* pitScoutingUITests.swift in Sources */ = {isa = PBXBuildFile; fileRef = 09B48C3C20618D6100F30D2D /* pitScoutingUITests.swift */; };
		09B48C4B2061909C00F30D2D /* InputViewController.swift in Sources */ = {isa = PBXBuildFile; fileRef = 09B48C4A2061909C00F30D2D /* InputViewController.swift */; };
		09C1DADB2062FB1B007C1B1D /* LaunchScreen.storyboard in Resources */ = {isa = PBXBuildFile; fileRef = 09C1DADA2062FB1B007C1B1D /* LaunchScreen.storyboard */; };
		09C1DADD2062FB79007C1B1D /* 2018-power-up-logo-promo.jpg in Resources */ = {isa = PBXBuildFile; fileRef = 09C1DADC2062FB79007C1B1D /* 2018-power-up-logo-promo.jpg */; };
		09C1DADF2062FB81007C1B1D /* frc2468.png in Resources */ = {isa = PBXBuildFile; fileRef = 09C1DADE2062FB81007C1B1D /* frc2468.png */; };
		09CF41FF2063000200AE2DD9 /* download.jpg in Resources */ = {isa = PBXBuildFile; fileRef = 09CF41FE2063000200AE2DD9 /* download.jpg */; };
		41C054B9F1CA4DAAA9A4709D /* Pods_pitScoutingTests.framework in Frameworks */ = {isa = PBXBuildFile; fileRef = 2E699844C54F822AD894A94E /* Pods_pitScoutingTests.framework */; };
		C5F6F1EE140748EAB1751946 /* Pods_pitScoutingUITests.framework in Frameworks */ = {isa = PBXBuildFile; fileRef = 59E428DCBB35709B677F20F4 /* Pods_pitScoutingUITests.framework */; };
/* End PBXBuildFile section */

/* Begin PBXContainerItemProxy section */
		09B48C2E20618D6100F30D2D /* PBXContainerItemProxy */ = {
			isa = PBXContainerItemProxy;
			containerPortal = 09B48C1120618D6100F30D2D /* Project object */;
			proxyType = 1;
			remoteGlobalIDString = 09B48C1820618D6100F30D2D;
			remoteInfo = pitScouting;
		};
		09B48C3920618D6100F30D2D /* PBXContainerItemProxy */ = {
			isa = PBXContainerItemProxy;
			containerPortal = 09B48C1120618D6100F30D2D /* Project object */;
			proxyType = 1;
			remoteGlobalIDString = 09B48C1820618D6100F30D2D;
			remoteInfo = pitScouting;
		};
/* End PBXContainerItemProxy section */

/* Begin PBXFileReference section */
		08160118B097B1E09725E7C6 /* Pods-pitScoutingUITests.debug.xcconfig */ = {isa = PBXFileReference; includeInIndex = 1; lastKnownFileType = text.xcconfig; name = "Pods-pitScoutingUITests.debug.xcconfig"; path = "Pods/Target Support Files/Pods-pitScoutingUITests/Pods-pitScoutingUITests.debug.xcconfig"; sourceTree = "<group>"; };
		095A16802061B075005C925E /* State.swift */ = {isa = PBXFileReference; lastKnownFileType = sourcecode.swift; path = State.swift; sourceTree = "<group>"; };
		09B48C1920618D6100F30D2D /* pitScouting.app */ = {isa = PBXFileReference; explicitFileType = wrapper.application; includeInIndex = 0; path = pitScouting.app; sourceTree = BUILT_PRODUCTS_DIR; };
		09B48C1C20618D6100F30D2D /* AppDelegate.swift */ = {isa = PBXFileReference; lastKnownFileType = sourcecode.swift; path = AppDelegate.swift; sourceTree = "<group>"; };
		09B48C1E20618D6100F30D2D /* ViewController.swift */ = {isa = PBXFileReference; lastKnownFileType = sourcecode.swift; path = ViewController.swift; sourceTree = "<group>"; };
		09B48C2120618D6100F30D2D /* Base */ = {isa = PBXFileReference; lastKnownFileType = file.storyboard; name = Base; path = Base.lproj/Main.storyboard; sourceTree = "<group>"; };
		09B48C2320618D6100F30D2D /* Assets.xcassets */ = {isa = PBXFileReference; lastKnownFileType = folder.assetcatalog; path = Assets.xcassets; sourceTree = "<group>"; };
		09B48C2820618D6100F30D2D /* Info.plist */ = {isa = PBXFileReference; lastKnownFileType = text.plist.xml; path = Info.plist; sourceTree = "<group>"; };
		09B48C2D20618D6100F30D2D /* pitScoutingTests.xctest */ = {isa = PBXFileReference; explicitFileType = wrapper.cfbundle; includeInIndex = 0; path = pitScoutingTests.xctest; sourceTree = BUILT_PRODUCTS_DIR; };
		09B48C3120618D6100F30D2D /* pitScoutingTests.swift */ = {isa = PBXFileReference; lastKnownFileType = sourcecode.swift; path = pitScoutingTests.swift; sourceTree = "<group>"; };
		09B48C3320618D6100F30D2D /* Info.plist */ = {isa = PBXFileReference; lastKnownFileType = text.plist.xml; path = Info.plist; sourceTree = "<group>"; };
		09B48C3820618D6100F30D2D /* pitScoutingUITests.xctest */ = {isa = PBXFileReference; explicitFileType = wrapper.cfbundle; includeInIndex = 0; path = pitScoutingUITests.xctest; sourceTree = BUILT_PRODUCTS_DIR; };
		09B48C3C20618D6100F30D2D /* pitScoutingUITests.swift */ = {isa = PBXFileReference; lastKnownFileType = sourcecode.swift; path = pitScoutingUITests.swift; sourceTree = "<group>"; };
		09B48C3E20618D6100F30D2D /* Info.plist */ = {isa = PBXFileReference; lastKnownFileType = text.plist.xml; path = Info.plist; sourceTree = "<group>"; };
		09B48C4A2061909C00F30D2D /* InputViewController.swift */ = {isa = PBXFileReference; lastKnownFileType = sourcecode.swift; path = InputViewController.swift; sourceTree = "<group>"; };
		09C1DADA2062FB1B007C1B1D /* LaunchScreen.storyboard */ = {isa = PBXFileReference; fileEncoding = 4; lastKnownFileType = file.storyboard; path = LaunchScreen.storyboard; sourceTree = "<group>"; };
		09C1DADC2062FB79007C1B1D /* 2018-power-up-logo-promo.jpg */ = {isa = PBXFileReference; lastKnownFileType = image.jpeg; path = "2018-power-up-logo-promo.jpg"; sourceTree = "<group>"; };
		09C1DADE2062FB81007C1B1D /* frc2468.png */ = {isa = PBXFileReference; lastKnownFileType = image.png; path = frc2468.png; sourceTree = "<group>"; };
		09CF41FE2063000200AE2DD9 /* download.jpg */ = {isa = PBXFileReference; lastKnownFileType = image.jpeg; path = download.jpg; sourceTree = "<group>"; };
		2BA8EB5F92A70B6DCA3AA983 /* Pods-pitScoutingTests.release.xcconfig */ = {isa = PBXFileReference; includeInIndex = 1; lastKnownFileType = text.xcconfig; name = "Pods-pitScoutingTests.release.xcconfig"; path = "Pods/Target Support Files/Pods-pitScoutingTests/Pods-pitScoutingTests.release.xcconfig"; sourceTree = "<group>"; };
		2E699844C54F822AD894A94E /* Pods_pitScoutingTests.framework */ = {isa = PBXFileReference; explicitFileType = wrapper.framework; includeInIndex = 0; path = Pods_pitScoutingTests.framework; sourceTree = BUILT_PRODUCTS_DIR; };
		50AEA202B98EB527281C27CD /* Pods-pitScoutingUITests.release.xcconfig */ = {isa = PBXFileReference; includeInIndex = 1; lastKnownFileType = text.xcconfig; name = "Pods-pitScoutingUITests.release.xcconfig"; path = "Pods/Target Support Files/Pods-pitScoutingUITests/Pods-pitScoutingUITests.release.xcconfig"; sourceTree = "<group>"; };
		59E428DCBB35709B677F20F4 /* Pods_pitScoutingUITests.framework */ = {isa = PBXFileReference; explicitFileType = wrapper.framework; includeInIndex = 0; path = Pods_pitScoutingUITests.framework; sourceTree = BUILT_PRODUCTS_DIR; };
		6FA80B0A6B9F54B6201A0BCA /* Pods-pitScouting.release.xcconfig */ = {isa = PBXFileReference; includeInIndex = 1; lastKnownFileType = text.xcconfig; name = "Pods-pitScouting.release.xcconfig"; path = "Pods/Target Support Files/Pods-pitScouting/Pods-pitScouting.release.xcconfig"; sourceTree = "<group>"; };
		9B3E660A24BCF680D225B487 /* Pods_pitScouting.framework */ = {isa = PBXFileReference; explicitFileType = wrapper.framework; includeInIndex = 0; path = Pods_pitScouting.framework; sourceTree = BUILT_PRODUCTS_DIR; };
		EBDD4B6E07A43E85DC406470 /* Pods-pitScouting.debug.xcconfig */ = {isa = PBXFileReference; includeInIndex = 1; lastKnownFileType = text.xcconfig; name = "Pods-pitScouting.debug.xcconfig"; path = "Pods/Target Support Files/Pods-pitScouting/Pods-pitScouting.debug.xcconfig"; sourceTree = "<group>"; };
		FD96EF38163DE8BE6479D04A /* Pods-pitScoutingTests.debug.xcconfig */ = {isa = PBXFileReference; includeInIndex = 1; lastKnownFileType = text.xcconfig; name = "Pods-pitScoutingTests.debug.xcconfig"; path = "Pods/Target Support Files/Pods-pitScoutingTests/Pods-pitScoutingTests.debug.xcconfig"; sourceTree = "<group>"; };
/* End PBXFileReference section */

/* Begin PBXFrameworksBuildPhase section */
		09B48C1620618D6100F30D2D /* Frameworks */ = {
			isa = PBXFrameworksBuildPhase;
			buildActionMask = 2147483647;
			files = (
				05594BDFBD4B3E4123F1F9B6 /* Pods_pitScouting.framework in Frameworks */,
			);
			runOnlyForDeploymentPostprocessing = 0;
		};
		09B48C2A20618D6100F30D2D /* Frameworks */ = {
			isa = PBXFrameworksBuildPhase;
			buildActionMask = 2147483647;
			files = (
				41C054B9F1CA4DAAA9A4709D /* Pods_pitScoutingTests.framework in Frameworks */,
			);
			runOnlyForDeploymentPostprocessing = 0;
		};
		09B48C3520618D6100F30D2D /* Frameworks */ = {
			isa = PBXFrameworksBuildPhase;
			buildActionMask = 2147483647;
			files = (
				C5F6F1EE140748EAB1751946 /* Pods_pitScoutingUITests.framework in Frameworks */,
			);
			runOnlyForDeploymentPostprocessing = 0;
		};
/* End PBXFrameworksBuildPhase section */

/* Begin PBXGroup section */
		09B48C1020618D6100F30D2D = {
			isa = PBXGroup;
			children = (
				09B48C1B20618D6100F30D2D /* pitScouting */,
				09B48C3020618D6100F30D2D /* pitScoutingTests */,
				09B48C3B20618D6100F30D2D /* pitScoutingUITests */,
				09B48C1A20618D6100F30D2D /* Products */,
				C4F168946A178FCF4EF3FEB4 /* Pods */,
				B91CD4F71CEDA4E58F3ECEA3 /* Frameworks */,
			);
			sourceTree = "<group>";
		};
		09B48C1A20618D6100F30D2D /* Products */ = {
			isa = PBXGroup;
			children = (
				09B48C1920618D6100F30D2D /* pitScouting.app */,
				09B48C2D20618D6100F30D2D /* pitScoutingTests.xctest */,
				09B48C3820618D6100F30D2D /* pitScoutingUITests.xctest */,
			);
			name = Products;
			sourceTree = "<group>";
		};
		09B48C1B20618D6100F30D2D /* pitScouting */ = {
			isa = PBXGroup;
			children = (
				09B48C1C20618D6100F30D2D /* AppDelegate.swift */,
				09B48C1E20618D6100F30D2D /* ViewController.swift */,
				09B48C4A2061909C00F30D2D /* InputViewController.swift */,
				09B48C2020618D6100F30D2D /* Main.storyboard */,
				09C1DADA2062FB1B007C1B1D /* LaunchScreen.storyboard */,
				09B48C2320618D6100F30D2D /* Assets.xcassets */,
				09C1DADC2062FB79007C1B1D /* 2018-power-up-logo-promo.jpg */,
				09CF41FE2063000200AE2DD9 /* download.jpg */,
				09C1DADE2062FB81007C1B1D /* frc2468.png */,
				095A16802061B075005C925E /* State.swift */,
				09B48C2820618D6100F30D2D /* Info.plist */,
			);
			path = pitScouting;
			sourceTree = "<group>";
		};
		09B48C3020618D6100F30D2D /* pitScoutingTests */ = {
			isa = PBXGroup;
			children = (
				09B48C3120618D6100F30D2D /* pitScoutingTests.swift */,
				09B48C3320618D6100F30D2D /* Info.plist */,
			);
			path = pitScoutingTests;
			sourceTree = "<group>";
		};
		09B48C3B20618D6100F30D2D /* pitScoutingUITests */ = {
			isa = PBXGroup;
			children = (
				09B48C3C20618D6100F30D2D /* pitScoutingUITests.swift */,
				09B48C3E20618D6100F30D2D /* Info.plist */,
			);
			path = pitScoutingUITests;
			sourceTree = "<group>";
		};
		B91CD4F71CEDA4E58F3ECEA3 /* Frameworks */ = {
			isa = PBXGroup;
			children = (
				9B3E660A24BCF680D225B487 /* Pods_pitScouting.framework */,
				2E699844C54F822AD894A94E /* Pods_pitScoutingTests.framework */,
				59E428DCBB35709B677F20F4 /* Pods_pitScoutingUITests.framework */,
			);
			name = Frameworks;
			sourceTree = "<group>";
		};
		C4F168946A178FCF4EF3FEB4 /* Pods */ = {
			isa = PBXGroup;
			children = (
				EBDD4B6E07A43E85DC406470 /* Pods-pitScouting.debug.xcconfig */,
				6FA80B0A6B9F54B6201A0BCA /* Pods-pitScouting.release.xcconfig */,
				FD96EF38163DE8BE6479D04A /* Pods-pitScoutingTests.debug.xcconfig */,
				2BA8EB5F92A70B6DCA3AA983 /* Pods-pitScoutingTests.release.xcconfig */,
				08160118B097B1E09725E7C6 /* Pods-pitScoutingUITests.debug.xcconfig */,
				50AEA202B98EB527281C27CD /* Pods-pitScoutingUITests.release.xcconfig */,
			);
			name = Pods;
			sourceTree = "<group>";
		};
/* End PBXGroup section */

/* Begin PBXNativeTarget section */
		09B48C1820618D6100F30D2D /* pitScouting */ = {
			isa = PBXNativeTarget;
			buildConfigurationList = 09B48C4120618D6100F30D2D /* Build configuration list for PBXNativeTarget "pitScouting" */;
			buildPhases = (
				C16AABA2CA395B59FC166199 /* [CP] Check Pods Manifest.lock */,
				09B48C1520618D6100F30D2D /* Sources */,
				09B48C1620618D6100F30D2D /* Frameworks */,
				09B48C1720618D6100F30D2D /* Resources */,
				658FFC8F398E85536123CF71 /* [CP] Embed Pods Frameworks */,
				1F2E3C79B48F6659D27F70E3 /* [CP] Copy Pods Resources */,
			);
			buildRules = (
			);
			dependencies = (
			);
			name = pitScouting;
			productName = pitScouting;
			productReference = 09B48C1920618D6100F30D2D /* pitScouting.app */;
			productType = "com.apple.product-type.application";
		};
		09B48C2C20618D6100F30D2D /* pitScoutingTests */ = {
			isa = PBXNativeTarget;
			buildConfigurationList = 09B48C4420618D6100F30D2D /* Build configuration list for PBXNativeTarget "pitScoutingTests" */;
			buildPhases = (
				4B5B4E5B499015BB467340B2 /* [CP] Check Pods Manifest.lock */,
				09B48C2920618D6100F30D2D /* Sources */,
				09B48C2A20618D6100F30D2D /* Frameworks */,
				09B48C2B20618D6100F30D2D /* Resources */,
				7AE916B3D5EC1D92D381F367 /* [CP] Embed Pods Frameworks */,
				673A3D2F08B46A6E52328777 /* [CP] Copy Pods Resources */,
			);
			buildRules = (
			);
			dependencies = (
				09B48C2F20618D6100F30D2D /* PBXTargetDependency */,
			);
			name = pitScoutingTests;
			productName = pitScoutingTests;
			productReference = 09B48C2D20618D6100F30D2D /* pitScoutingTests.xctest */;
			productType = "com.apple.product-type.bundle.unit-test";
		};
		09B48C3720618D6100F30D2D /* pitScoutingUITests */ = {
			isa = PBXNativeTarget;
			buildConfigurationList = 09B48C4720618D6100F30D2D /* Build configuration list for PBXNativeTarget "pitScoutingUITests" */;
			buildPhases = (
				D79996FA71B14F735543CF6B /* [CP] Check Pods Manifest.lock */,
				09B48C3420618D6100F30D2D /* Sources */,
				09B48C3520618D6100F30D2D /* Frameworks */,
				09B48C3620618D6100F30D2D /* Resources */,
				EDF7AD00BFC88D84D045FEF8 /* [CP] Embed Pods Frameworks */,
				DB8B21CCA1F0074A5105A29C /* [CP] Copy Pods Resources */,
			);
			buildRules = (
			);
			dependencies = (
				09B48C3A20618D6100F30D2D /* PBXTargetDependency */,
			);
			name = pitScoutingUITests;
			productName = pitScoutingUITests;
			productReference = 09B48C3820618D6100F30D2D /* pitScoutingUITests.xctest */;
			productType = "com.apple.product-type.bundle.ui-testing";
		};
/* End PBXNativeTarget section */

/* Begin PBXProject section */
		09B48C1120618D6100F30D2D /* Project object */ = {
			isa = PBXProject;
			attributes = {
				LastSwiftUpdateCheck = 0920;
				LastUpgradeCheck = 0920;
				ORGANIZATIONNAME = "Vrishab Madduri";
				TargetAttributes = {
					09B48C1820618D6100F30D2D = {
						CreatedOnToolsVersion = 9.2;
						ProvisioningStyle = Automatic;
					};
					09B48C2C20618D6100F30D2D = {
						CreatedOnToolsVersion = 9.2;
						ProvisioningStyle = Automatic;
						TestTargetID = 09B48C1820618D6100F30D2D;
					};
					09B48C3720618D6100F30D2D = {
						CreatedOnToolsVersion = 9.2;
						ProvisioningStyle = Automatic;
						TestTargetID = 09B48C1820618D6100F30D2D;
					};
				};
			};
			buildConfigurationList = 09B48C1420618D6100F30D2D /* Build configuration list for PBXProject "pitScouting" */;
			compatibilityVersion = "Xcode 8.0";
			developmentRegion = en;
			hasScannedForEncodings = 0;
			knownRegions = (
				en,
				Base,
			);
			mainGroup = 09B48C1020618D6100F30D2D;
			productRefGroup = 09B48C1A20618D6100F30D2D /* Products */;
			projectDirPath = "";
			projectRoot = "";
			targets = (
				09B48C1820618D6100F30D2D /* pitScouting */,
				09B48C2C20618D6100F30D2D /* pitScoutingTests */,
				09B48C3720618D6100F30D2D /* pitScoutingUITests */,
			);
		};
/* End PBXProject section */

/* Begin PBXResourcesBuildPhase section */
		09B48C1720618D6100F30D2D /* Resources */ = {
			isa = PBXResourcesBuildPhase;
			buildActionMask = 2147483647;
			files = (
				09C1DADB2062FB1B007C1B1D /* LaunchScreen.storyboard in Resources */,
				09CF41FF2063000200AE2DD9 /* download.jpg in Resources */,
				09B48C2420618D6100F30D2D /* Assets.xcassets in Resources */,
				09C1DADD2062FB79007C1B1D /* 2018-power-up-logo-promo.jpg in Resources */,
				09B48C2220618D6100F30D2D /* Main.storyboard in Resources */,
				09C1DADF2062FB81007C1B1D /* frc2468.png in Resources */,
			);
			runOnlyForDeploymentPostprocessing = 0;
		};
		09B48C2B20618D6100F30D2D /* Resources */ = {
			isa = PBXResourcesBuildPhase;
			buildActionMask = 2147483647;
			files = (
			);
			runOnlyForDeploymentPostprocessing = 0;
		};
		09B48C3620618D6100F30D2D /* Resources */ = {
			isa = PBXResourcesBuildPhase;
			buildActionMask = 2147483647;
			files = (
			);
			runOnlyForDeploymentPostprocessing = 0;
		};
/* End PBXResourcesBuildPhase section */

/* Begin PBXShellScriptBuildPhase section */
		1F2E3C79B48F6659D27F70E3 /* [CP] Copy Pods Resources */ = {
			isa = PBXShellScriptBuildPhase;
			buildActionMask = 2147483647;
			files = (
			);
			inputPaths = (
			);
			name = "[CP] Copy Pods Resources";
			outputPaths = (
			);
			runOnlyForDeploymentPostprocessing = 0;
			shellPath = /bin/sh;
			shellScript = "\"${SRCROOT}/Pods/Target Support Files/Pods-pitScouting/Pods-pitScouting-resources.sh\"\n";
			showEnvVarsInLog = 0;
		};
		4B5B4E5B499015BB467340B2 /* [CP] Check Pods Manifest.lock */ = {
			isa = PBXShellScriptBuildPhase;
			buildActionMask = 2147483647;
			files = (
			);
			inputPaths = (
				"${PODS_PODFILE_DIR_PATH}/Podfile.lock",
				"${PODS_ROOT}/Manifest.lock",
			);
			name = "[CP] Check Pods Manifest.lock";
			outputPaths = (
				"$(DERIVED_FILE_DIR)/Pods-pitScoutingTests-checkManifestLockResult.txt",
			);
			runOnlyForDeploymentPostprocessing = 0;
			shellPath = /bin/sh;
			shellScript = "diff \"${PODS_PODFILE_DIR_PATH}/Podfile.lock\" \"${PODS_ROOT}/Manifest.lock\" > /dev/null\nif [ $? != 0 ] ; then\n    # print error to STDERR\n    echo \"error: The sandbox is not in sync with the Podfile.lock. Run 'pod install' or update your CocoaPods installation.\" >&2\n    exit 1\nfi\n# This output is used by Xcode 'outputs' to avoid re-running this script phase.\necho \"SUCCESS\" > \"${SCRIPT_OUTPUT_FILE_0}\"\n";
			showEnvVarsInLog = 0;
		};
		658FFC8F398E85536123CF71 /* [CP] Embed Pods Frameworks */ = {
			isa = PBXShellScriptBuildPhase;
			buildActionMask = 2147483647;
			files = (
			);
			inputPaths = (
				"${SRCROOT}/Pods/Target Support Files/Pods-pitScouting/Pods-pitScouting-frameworks.sh",
				"${BUILT_PRODUCTS_DIR}/QRCode/QRCode.framework",
			);
			name = "[CP] Embed Pods Frameworks";
			outputPaths = (
				"${TARGET_BUILD_DIR}/${FRAMEWORKS_FOLDER_PATH}/QRCode.framework",
			);
			runOnlyForDeploymentPostprocessing = 0;
			shellPath = /bin/sh;
			shellScript = "\"${SRCROOT}/Pods/Target Support Files/Pods-pitScouting/Pods-pitScouting-frameworks.sh\"\n";
			showEnvVarsInLog = 0;
		};
		673A3D2F08B46A6E52328777 /* [CP] Copy Pods Resources */ = {
			isa = PBXShellScriptBuildPhase;
			buildActionMask = 2147483647;
			files = (
			);
			inputPaths = (
			);
			name = "[CP] Copy Pods Resources";
			outputPaths = (
			);
			runOnlyForDeploymentPostprocessing = 0;
			shellPath = /bin/sh;
			shellScript = "\"${SRCROOT}/Pods/Target Support Files/Pods-pitScoutingTests/Pods-pitScoutingTests-resources.sh\"\n";
			showEnvVarsInLog = 0;
		};
		7AE916B3D5EC1D92D381F367 /* [CP] Embed Pods Frameworks */ = {
			isa = PBXShellScriptBuildPhase;
			buildActionMask = 2147483647;
			files = (
			);
			inputPaths = (
			);
			name = "[CP] Embed Pods Frameworks";
			outputPaths = (
			);
			runOnlyForDeploymentPostprocessing = 0;
			shellPath = /bin/sh;
			shellScript = "\"${SRCROOT}/Pods/Target Support Files/Pods-pitScoutingTests/Pods-pitScoutingTests-frameworks.sh\"\n";
			showEnvVarsInLog = 0;
		};
		C16AABA2CA395B59FC166199 /* [CP] Check Pods Manifest.lock */ = {
			isa = PBXShellScriptBuildPhase;
			buildActionMask = 2147483647;
			files = (
			);
			inputPaths = (
				"${PODS_PODFILE_DIR_PATH}/Podfile.lock",
				"${PODS_ROOT}/Manifest.lock",
			);
			name = "[CP] Check Pods Manifest.lock";
			outputPaths = (
				"$(DERIVED_FILE_DIR)/Pods-pitScouting-checkManifestLockResult.txt",
			);
			runOnlyForDeploymentPostprocessing = 0;
			shellPath = /bin/sh;
			shellScript = "diff \"${PODS_PODFILE_DIR_PATH}/Podfile.lock\" \"${PODS_ROOT}/Manifest.lock\" > /dev/null\nif [ $? != 0 ] ; then\n    # print error to STDERR\n    echo \"error: The sandbox is not in sync with the Podfile.lock. Run 'pod install' or update your CocoaPods installation.\" >&2\n    exit 1\nfi\n# This output is used by Xcode 'outputs' to avoid re-running this script phase.\necho \"SUCCESS\" > \"${SCRIPT_OUTPUT_FILE_0}\"\n";
			showEnvVarsInLog = 0;
		};
		D79996FA71B14F735543CF6B /* [CP] Check Pods Manifest.lock */ = {
			isa = PBXShellScriptBuildPhase;
			buildActionMask = 2147483647;
			files = (
			);
			inputPaths = (
				"${PODS_PODFILE_DIR_PATH}/Podfile.lock",
				"${PODS_ROOT}/Manifest.lock",
			);
			name = "[CP] Check Pods Manifest.lock";
			outputPaths = (
				"$(DERIVED_FILE_DIR)/Pods-pitScoutingUITests-checkManifestLockResult.txt",
			);
			runOnlyForDeploymentPostprocessing = 0;
			shellPath = /bin/sh;
			shellScript = "diff \"${PODS_PODFILE_DIR_PATH}/Podfile.lock\" \"${PODS_ROOT}/Manifest.lock\" > /dev/null\nif [ $? != 0 ] ; then\n    # print error to STDERR\n    echo \"error: The sandbox is not in sync with the Podfile.lock. Run 'pod install' or update your CocoaPods installation.\" >&2\n    exit 1\nfi\n# This output is used by Xcode 'outputs' to avoid re-running this script phase.\necho \"SUCCESS\" > \"${SCRIPT_OUTPUT_FILE_0}\"\n";
			showEnvVarsInLog = 0;
		};
		DB8B21CCA1F0074A5105A29C /* [CP] Copy Pods Resources */ = {
			isa = PBXShellScriptBuildPhase;
			buildActionMask = 2147483647;
			files = (
			);
			inputPaths = (
			);
			name = "[CP] Copy Pods Resources";
			outputPaths = (
			);
			runOnlyForDeploymentPostprocessing = 0;
			shellPath = /bin/sh;
			shellScript = "\"${SRCROOT}/Pods/Target Support Files/Pods-pitScoutingUITests/Pods-pitScoutingUITests-resources.sh\"\n";
			showEnvVarsInLog = 0;
		};
		EDF7AD00BFC88D84D045FEF8 /* [CP] Embed Pods Frameworks */ = {
			isa = PBXShellScriptBuildPhase;
			buildActionMask = 2147483647;
			files = (
			);
			inputPaths = (
			);
			name = "[CP] Embed Pods Frameworks";
			outputPaths = (
			);
			runOnlyForDeploymentPostprocessing = 0;
			shellPath = /bin/sh;
			shellScript = "\"${SRCROOT}/Pods/Target Support Files/Pods-pitScoutingUITests/Pods-pitScoutingUITests-frameworks.sh\"\n";
			showEnvVarsInLog = 0;
		};
/* End PBXShellScriptBuildPhase section */

/* Begin PBXSourcesBuildPhase section */
		09B48C1520618D6100F30D2D /* Sources */ = {
			isa = PBXSourcesBuildPhase;
			buildActionMask = 2147483647;
			files = (
				09B48C4B2061909C00F30D2D /* InputViewController.swift in Sources */,
				09B48C1F20618D6100F30D2D /* ViewController.swift in Sources */,
				09B48C1D20618D6100F30D2D /* AppDelegate.swift in Sources */,
				095A16812061B075005C925E /* State.swift in Sources */,
			);
			runOnlyForDeploymentPostprocessing = 0;
		};
		09B48C2920618D6100F30D2D /* Sources */ = {
			isa = PBXSourcesBuildPhase;
			buildActionMask = 2147483647;
			files = (
				09B48C3220618D6100F30D2D /* pitScoutingTests.swift in Sources */,
			);
			runOnlyForDeploymentPostprocessing = 0;
		};
		09B48C3420618D6100F30D2D /* Sources */ = {
			isa = PBXSourcesBuildPhase;
			buildActionMask = 2147483647;
			files = (
				09B48C3D20618D6100F30D2D /* pitScoutingUITests.swift in Sources */,
			);
			runOnlyForDeploymentPostprocessing = 0;
		};
/* End PBXSourcesBuildPhase section */

/* Begin PBXTargetDependency section */
		09B48C2F20618D6100F30D2D /* PBXTargetDependency */ = {
			isa = PBXTargetDependency;
			target = 09B48C1820618D6100F30D2D /* pitScouting */;
			targetProxy = 09B48C2E20618D6100F30D2D /* PBXContainerItemProxy */;
		};
		09B48C3A20618D6100F30D2D /* PBXTargetDependency */ = {
			isa = PBXTargetDependency;
			target = 09B48C1820618D6100F30D2D /* pitScouting */;
			targetProxy = 09B48C3920618D6100F30D2D /* PBXContainerItemProxy */;
		};
/* End PBXTargetDependency section */

/* Begin PBXVariantGroup section */
		09B48C2020618D6100F30D2D /* Main.storyboard */ = {
			isa = PBXVariantGroup;
			children = (
				09B48C2120618D6100F30D2D /* Base */,
			);
			name = Main.storyboard;
			sourceTree = "<group>";
		};
/* End PBXVariantGroup section */

/* Begin XCBuildConfiguration section */
		09B48C3F20618D6100F30D2D /* Debug */ = {
			isa = XCBuildConfiguration;
			buildSettings = {
				ALWAYS_SEARCH_USER_PATHS = NO;
				CLANG_ANALYZER_NONNULL = YES;
				CLANG_ANALYZER_NUMBER_OBJECT_CONVERSION = YES_AGGRESSIVE;
				CLANG_CXX_LANGUAGE_STANDARD = "gnu++14";
				CLANG_CXX_LIBRARY = "libc++";
				CLANG_ENABLE_MODULES = YES;
				CLANG_ENABLE_OBJC_ARC = YES;
				CLANG_WARN_BLOCK_CAPTURE_AUTORELEASING = YES;
				CLANG_WARN_BOOL_CONVERSION = YES;
				CLANG_WARN_COMMA = YES;
				CLANG_WARN_CONSTANT_CONVERSION = YES;
				CLANG_WARN_DIRECT_OBJC_ISA_USAGE = YES_ERROR;
				CLANG_WARN_DOCUMENTATION_COMMENTS = YES;
				CLANG_WARN_EMPTY_BODY = YES;
				CLANG_WARN_ENUM_CONVERSION = YES;
				CLANG_WARN_INFINITE_RECURSION = YES;
				CLANG_WARN_INT_CONVERSION = YES;
				CLANG_WARN_NON_LITERAL_NULL_CONVERSION = YES;
				CLANG_WARN_OBJC_LITERAL_CONVERSION = YES;
				CLANG_WARN_OBJC_ROOT_CLASS = YES_ERROR;
				CLANG_WARN_RANGE_LOOP_ANALYSIS = YES;
				CLANG_WARN_STRICT_PROTOTYPES = YES;
				CLANG_WARN_SUSPICIOUS_MOVE = YES;
				CLANG_WARN_UNGUARDED_AVAILABILITY = YES_AGGRESSIVE;
				CLANG_WARN_UNREACHABLE_CODE = YES;
				CLANG_WARN__DUPLICATE_METHOD_MATCH = YES;
				CODE_SIGN_IDENTITY = "iPhone Developer";
				COPY_PHASE_STRIP = NO;
				DEBUG_INFORMATION_FORMAT = dwarf;
				ENABLE_STRICT_OBJC_MSGSEND = YES;
				ENABLE_TESTABILITY = YES;
				FRAMEWORK_SEARCH_PATHS = (
					"$(inherited)",
					"\"${PODS_CONFIGURATION_BUILD_DIR}/QRCode\"",
				);
				GCC_C_LANGUAGE_STANDARD = gnu11;
				GCC_DYNAMIC_NO_PIC = NO;
				GCC_NO_COMMON_BLOCKS = YES;
				GCC_OPTIMIZATION_LEVEL = 0;
				GCC_PREPROCESSOR_DEFINITIONS = (
					"DEBUG=1",
					"$(inherited)",
				);
				GCC_WARN_64_TO_32_BIT_CONVERSION = YES;
				GCC_WARN_ABOUT_RETURN_TYPE = YES_ERROR;
				GCC_WARN_UNDECLARED_SELECTOR = YES;
				GCC_WARN_UNINITIALIZED_AUTOS = YES_AGGRESSIVE;
				GCC_WARN_UNUSED_FUNCTION = YES;
				GCC_WARN_UNUSED_VARIABLE = YES;
				IPHONEOS_DEPLOYMENT_TARGET = 11.2;
				MTL_ENABLE_DEBUG_INFO = YES;
				ONLY_ACTIVE_ARCH = YES;
				SDKROOT = iphoneos;
				SWIFT_ACTIVE_COMPILATION_CONDITIONS = DEBUG;
				SWIFT_OPTIMIZATION_LEVEL = "-Onone";
			};
			name = Debug;
		};
		09B48C4020618D6100F30D2D /* Release */ = {
			isa = XCBuildConfiguration;
			buildSettings = {
				ALWAYS_SEARCH_USER_PATHS = NO;
				CLANG_ANALYZER_NONNULL = YES;
				CLANG_ANALYZER_NUMBER_OBJECT_CONVERSION = YES_AGGRESSIVE;
				CLANG_CXX_LANGUAGE_STANDARD = "gnu++14";
				CLANG_CXX_LIBRARY = "libc++";
				CLANG_ENABLE_MODULES = YES;
				CLANG_ENABLE_OBJC_ARC = YES;
				CLANG_WARN_BLOCK_CAPTURE_AUTORELEASING = YES;
				CLANG_WARN_BOOL_CONVERSION = YES;
				CLANG_WARN_COMMA = YES;
				CLANG_WARN_CONSTANT_CONVERSION = YES;
				CLANG_WARN_DIRECT_OBJC_ISA_USAGE = YES_ERROR;
				CLANG_WARN_DOCUMENTATION_COMMENTS = YES;
				CLANG_WARN_EMPTY_BODY = YES;
				CLANG_WARN_ENUM_CONVERSION = YES;
				CLANG_WARN_INFINITE_RECURSION = YES;
				CLANG_WARN_INT_CONVERSION = YES;
				CLANG_WARN_NON_LITERAL_NULL_CONVERSION = YES;
				CLANG_WARN_OBJC_LITERAL_CONVERSION = YES;
				CLANG_WARN_OBJC_ROOT_CLASS = YES_ERROR;
				CLANG_WARN_RANGE_LOOP_ANALYSIS = YES;
				CLANG_WARN_STRICT_PROTOTYPES = YES;
				CLANG_WARN_SUSPICIOUS_MOVE = YES;
				CLANG_WARN_UNGUARDED_AVAILABILITY = YES_AGGRESSIVE;
				CLANG_WARN_UNREACHABLE_CODE = YES;
				CLANG_WARN__DUPLICATE_METHOD_MATCH = YES;
				CODE_SIGN_IDENTITY = "iPhone Developer";
				COPY_PHASE_STRIP = NO;
				DEBUG_INFORMATION_FORMAT = "dwarf-with-dsym";
				ENABLE_NS_ASSERTIONS = NO;
				ENABLE_STRICT_OBJC_MSGSEND = YES;
				FRAMEWORK_SEARCH_PATHS = (
					"\"${PODS_CONFIGURATION_BUILD_DIR}/QRCode\"",
					"$(inherited)",
				);
				GCC_C_LANGUAGE_STANDARD = gnu11;
				GCC_NO_COMMON_BLOCKS = YES;
				GCC_WARN_64_TO_32_BIT_CONVERSION = YES;
				GCC_WARN_ABOUT_RETURN_TYPE = YES_ERROR;
				GCC_WARN_UNDECLARED_SELECTOR = YES;
				GCC_WARN_UNINITIALIZED_AUTOS = YES_AGGRESSIVE;
				GCC_WARN_UNUSED_FUNCTION = YES;
				GCC_WARN_UNUSED_VARIABLE = YES;
				IPHONEOS_DEPLOYMENT_TARGET = 11.2;
				MTL_ENABLE_DEBUG_INFO = NO;
				SDKROOT = iphoneos;
				SWIFT_OPTIMIZATION_LEVEL = "-Owholemodule";
				VALIDATE_PRODUCT = YES;
			};
			name = Release;
		};
		09B48C4220618D6100F30D2D /* Debug */ = {
			isa = XCBuildConfiguration;
			baseConfigurationReference = EBDD4B6E07A43E85DC406470 /* Pods-pitScouting.debug.xcconfig */;
			buildSettings = {
				ASSETCATALOG_COMPILER_APPICON_NAME = AppIcon;
				CODE_SIGN_STYLE = Automatic;
				DEVELOPMENT_TEAM = M64HPXXUJF;
				INFOPLIST_FILE = pitScouting/Info.plist;
				IPHONEOS_DEPLOYMENT_TARGET = 10.2.1;
				LD_RUNPATH_SEARCH_PATHS = "$(inherited) @executable_path/Frameworks";
				PRODUCT_BUNDLE_IDENTIFIER = scout.pitScouting;
				PRODUCT_NAME = "$(TARGET_NAME)";
				SWIFT_VERSION = 4.0;
				TARGETED_DEVICE_FAMILY = "1,2";
			};
			name = Debug;
		};
		09B48C4320618D6100F30D2D /* Release */ = {
			isa = XCBuildConfiguration;
			baseConfigurationReference = 6FA80B0A6B9F54B6201A0BCA /* Pods-pitScouting.release.xcconfig */;
			buildSettings = {
				ASSETCATALOG_COMPILER_APPICON_NAME = AppIcon;
				CODE_SIGN_STYLE = Automatic;
				DEVELOPMENT_TEAM = M64HPXXUJF;
				INFOPLIST_FILE = pitScouting/Info.plist;
				IPHONEOS_DEPLOYMENT_TARGET = 10.2.1;
				LD_RUNPATH_SEARCH_PATHS = "$(inherited) @executable_path/Frameworks";
				PRODUCT_BUNDLE_IDENTIFIER = scout.pitScouting;
				PRODUCT_NAME = "$(TARGET_NAME)";
				SWIFT_VERSION = 4.0;
				TARGETED_DEVICE_FAMILY = "1,2";
			};
			name = Release;
		};
		09B48C4520618D6100F30D2D /* Debug */ = {
			isa = XCBuildConfiguration;
			baseConfigurationReference = FD96EF38163DE8BE6479D04A /* Pods-pitScoutingTests.debug.xcconfig */;
			buildSettings = {
				ALWAYS_EMBED_SWIFT_STANDARD_LIBRARIES = YES;
				BUNDLE_LOADER = "$(TEST_HOST)";
				CODE_SIGN_STYLE = Automatic;
				DEVELOPMENT_TEAM = GWP2YD92ZF;
				INFOPLIST_FILE = pitScoutingTests/Info.plist;
				LD_RUNPATH_SEARCH_PATHS = "$(inherited) @executable_path/Frameworks @loader_path/Frameworks";
				PRODUCT_BUNDLE_IDENTIFIER = scout.pitScoutingTests;
				PRODUCT_NAME = "$(TARGET_NAME)";
				SWIFT_VERSION = 4.0;
				TARGETED_DEVICE_FAMILY = "1,2";
				TEST_HOST = "$(BUILT_PRODUCTS_DIR)/pitScouting.app/pitScouting";
			};
			name = Debug;
		};
		09B48C4620618D6100F30D2D /* Release */ = {
			isa = XCBuildConfiguration;
			baseConfigurationReference = 2BA8EB5F92A70B6DCA3AA983 /* Pods-pitScoutingTests.release.xcconfig */;
			buildSettings = {
				ALWAYS_EMBED_SWIFT_STANDARD_LIBRARIES = YES;
				BUNDLE_LOADER = "$(TEST_HOST)";
				CODE_SIGN_STYLE = Automatic;
				DEVELOPMENT_TEAM = GWP2YD92ZF;
				INFOPLIST_FILE = pitScoutingTests/Info.plist;
				LD_RUNPATH_SEARCH_PATHS = "$(inherited) @executable_path/Frameworks @loader_path/Frameworks";
				PRODUCT_BUNDLE_IDENTIFIER = scout.pitScoutingTests;
				PRODUCT_NAME = "$(TARGET_NAME)";
				SWIFT_VERSION = 4.0;
				TARGETED_DEVICE_FAMILY = "1,2";
				TEST_HOST = "$(BUILT_PRODUCTS_DIR)/pitScouting.app/pitScouting";
			};
			name = Release;
		};
		09B48C4820618D6100F30D2D /* Debug */ = {
			isa = XCBuildConfiguration;
			baseConfigurationReference = 08160118B097B1E09725E7C6 /* Pods-pitScoutingUITests.debug.xcconfig */;
			buildSettings = {
				ALWAYS_EMBED_SWIFT_STANDARD_LIBRARIES = YES;
				CODE_SIGN_STYLE = Automatic;
				DEVELOPMENT_TEAM = GWP2YD92ZF;
				INFOPLIST_FILE = pitScoutingUITests/Info.plist;
				LD_RUNPATH_SEARCH_PATHS = "$(inherited) @executable_path/Frameworks @loader_path/Frameworks";
				PRODUCT_BUNDLE_IDENTIFIER = scout.pitScoutingUITests;
				PRODUCT_NAME = "$(TARGET_NAME)";
				SWIFT_VERSION = 4.0;
				TARGETED_DEVICE_FAMILY = "1,2";
				TEST_TARGET_NAME = pitScouting;
			};
			name = Debug;
		};
		09B48C4920618D6100F30D2D /* Release */ = {
			isa = XCBuildConfiguration;
			baseConfigurationReference = 50AEA202B98EB527281C27CD /* Pods-pitScoutingUITests.release.xcconfig */;
			buildSettings = {
				ALWAYS_EMBED_SWIFT_STANDARD_LIBRARIES = YES;
				CODE_SIGN_STYLE = Automatic;
				DEVELOPMENT_TEAM = GWP2YD92ZF;
				INFOPLIST_FILE = pitScoutingUITests/Info.plist;
				LD_RUNPATH_SEARCH_PATHS = "$(inherited) @executable_path/Frameworks @loader_path/Frameworks";
				PRODUCT_BUNDLE_IDENTIFIER = scout.pitScoutingUITests;
				PRODUCT_NAME = "$(TARGET_NAME)";
				SWIFT_VERSION = 4.0;
				TARGETED_DEVICE_FAMILY = "1,2";
				TEST_TARGET_NAME = pitScouting;
			};
			name = Release;
		};
/* End XCBuildConfiguration section */

/* Begin XCConfigurationList section */
		09B48C1420618D6100F30D2D /* Build configuration list for PBXProject "pitScouting" */ = {
			isa = XCConfigurationList;
			buildConfigurations = (
				09B48C3F20618D6100F30D2D /* Debug */,
				09B48C4020618D6100F30D2D /* Release */,
			);
			defaultConfigurationIsVisible = 0;
			defaultConfigurationName = Release;
		};
		09B48C4120618D6100F30D2D /* Build configuration list for PBXNativeTarget "pitScouting" */ = {
			isa = XCConfigurationList;
			buildConfigurations = (
				09B48C4220618D6100F30D2D /* Debug */,
				09B48C4320618D6100F30D2D /* Release */,
			);
			defaultConfigurationIsVisible = 0;
			defaultConfigurationName = Release;
		};
		09B48C4420618D6100F30D2D /* Build configuration list for PBXNativeTarget "pitScoutingTests" */ = {
			isa = XCConfigurationList;
			buildConfigurations = (
				09B48C4520618D6100F30D2D /* Debug */,
				09B48C4620618D6100F30D2D /* Release */,
			);
			defaultConfigurationIsVisible = 0;
			defaultConfigurationName = Release;
		};
		09B48C4720618D6100F30D2D /* Build configuration list for PBXNativeTarget "pitScoutingUITests" */ = {
			isa = XCConfigurationList;
			buildConfigurations = (
				09B48C4820618D6100F30D2D /* Debug */,
				09B48C4920618D6100F30D2D /* Release */,
			);
			defaultConfigurationIsVisible = 0;
			defaultConfigurationName = Release;
		};
/* End XCConfigurationList section */
	};
	rootObject = 09B48C1120618D6100F30D2D /* Project object */;
}
